
Microsoft Visual Studio Solution File, Format Version 12.00
# Visual Studio 14
VisualStudioVersion = 14.0.25123.0
MinimumVisualStudioVersion = 10.0.40219.1
Project("{FAE04EC0-301F-11D3-BF4B-00C04F79EFBC}") = "CryptographicHash", "source\CryptographicHash.csproj", "{6A9693A8-D6E0-4D86-B0FB-2BAF46CED0CB}"
EndProject
Project("{FAE04EC0-301F-11D3-BF4B-00C04F79EFBC}") = "CryptographicHashTests", "tests\CryptographicHashTests.csproj", "{3FA377D6-A7FE-42AD-9944-43AFC06E1058}"
EndProject
Global
	GlobalSection(SolutionConfigurationPlatforms) = preSolution
		Debug|Any CPU = Debug|Any CPU
		Release|Any CPU = Release|Any CPU
	EndGlobalSection
	GlobalSection(ProjectConfigurationPlatforms) = postSolution
		{6A9693A8-D6E0-4D86-B0FB-2BAF46CED0CB}.Debug|Any CPU.ActiveCfg = Debug|Any CPU
		{6A9693A8-D6E0-4D86-B0FB-2BAF46CED0CB}.Debug|Any CPU.Build.0 = Debug|Any CPU
		{6A9693A8-D6E0-4D86-B0FB-2BAF46CED0CB}.Release|Any CPU.ActiveCfg = Release|Any CPU
		{6A9693A8-D6E0-4D86-B0FB-2BAF46CED0CB}.Release|Any CPU.Build.0 = Release|Any CPU
		{3FA377D6-A7FE-42AD-9944-43AFC06E1058}.Debug|Any CPU.ActiveCfg = Debug|Any CPU
		{3FA377D6-A7FE-42AD-9944-43AFC06E1058}.Debug|Any CPU.Build.0 = Debug|Any CPU
		{3FA377D6-A7FE-42AD-9944-43AFC06E1058}.Release|Any CPU.ActiveCfg = Release|Any CPU
		{3FA377D6-A7FE-42AD-9944-43AFC06E1058}.Release|Any CPU.Build.0 = Release|Any CPU
	EndGlobalSection
	GlobalSection(SolutionProperties) = preSolution
		HideSolutionNode = FALSE
	EndGlobalSection
EndGlobal
